
Microsoft Visual Studio Solution File, Format Version 12.00
# Visual Studio Version 16
VisualStudioVersion = 16.0.29025.244
MinimumVisualStudioVersion = 10.0.40219.1
Project("{00D1A9C2-B5F0-4AF3-8072-F6C62B433612}") = "CelibateMusic", "CelibateMusic\CelibateMusic.sqlproj", "{AABC7008-A41E-41E1-BD64-DE0DB9399896}"
EndProject
Project("{FAE04EC0-301F-11D3-BF4B-00C04F79EFBC}") = "CMAPI", "CMAPI\CMAPI.csproj", "{B088C280-9A0D-45F0-B04A-09C67BDB327C}"
EndProject
Global
	GlobalSection(SolutionConfigurationPlatforms) = preSolution
		Debug|Any CPU = Debug|Any CPU
		Release|Any CPU = Release|Any CPU
	EndGlobalSection
	GlobalSection(ProjectConfigurationPlatforms) = postSolution
		{AABC7008-A41E-41E1-BD64-DE0DB9399896}.Debug|Any CPU.ActiveCfg = Debug|Any CPU
		{AABC7008-A41E-41E1-BD64-DE0DB9399896}.Debug|Any CPU.Build.0 = Debug|Any CPU
		{AABC7008-A41E-41E1-BD64-DE0DB9399896}.Debug|Any CPU.Deploy.0 = Debug|Any CPU
		{AABC7008-A41E-41E1-BD64-DE0DB9399896}.Release|Any CPU.ActiveCfg = Release|Any CPU
		{AABC7008-A41E-41E1-BD64-DE0DB9399896}.Release|Any CPU.Build.0 = Release|Any CPU
		{AABC7008-A41E-41E1-BD64-DE0DB9399896}.Release|Any CPU.Deploy.0 = Release|Any CPU
		{B088C280-9A0D-45F0-B04A-09C67BDB327C}.Debug|Any CPU.ActiveCfg = Debug|Any CPU
		{B088C280-9A0D-45F0-B04A-09C67BDB327C}.Debug|Any CPU.Build.0 = Debug|Any CPU
		{B088C280-9A0D-45F0-B04A-09C67BDB327C}.Release|Any CPU.ActiveCfg = Release|Any CPU
		{B088C280-9A0D-45F0-B04A-09C67BDB327C}.Release|Any CPU.Build.0 = Release|Any CPU
	EndGlobalSection
	GlobalSection(SolutionProperties) = preSolution
		HideSolutionNode = FALSE
	EndGlobalSection
	GlobalSection(ExtensibilityGlobals) = postSolution
		SolutionGuid = {B7855411-2086-4F1F-944C-CC06484C25E2}
	EndGlobalSection
EndGlobal
